
Microsoft Visual Studio Solution File, Format Version 12.00
# Visual Studio 14
VisualStudioVersion = 14.0.25420.1
MinimumVisualStudioVersion = 10.0.40219.1
Project("{FAE04EC0-301F-11D3-BF4B-00C04F79EFBC}") = "XamarinLocation", "XamarinLocation\XamarinLocation\XamarinLocation.csproj", "{AB3D11C2-0F85-4A5C-8066-94BFFC2D62D0}"
EndProject
Project("{FAE04EC0-301F-11D3-BF4B-00C04F79EFBC}") = "XamarinLocation.Droid", "XamarinLocation\XamarinLocation.Droid\XamarinLocation.Droid.csproj", "{E2FFE48A-E288-4F40-86B7-83FF6E492534}"
EndProject
Project("{FAE04EC0-301F-11D3-BF4B-00C04F79EFBC}") = "XamarinLocation.iOS", "XamarinLocation\XamarinLocation.iOS\XamarinLocation.iOS.csproj", "{7D2E2AFA-6A8A-471B-8092-7BF82630247A}"
EndProject
Project("{FAE04EC0-301F-11D3-BF4B-00C04F79EFBC}") = "XamarinLocation.WinPhone", "XamarinLocation\XamarinLocation.WinPhone\XamarinLocation.WinPhone.csproj", "{2702CF90-86DC-4E9E-9D29-E98F623C057F}"
EndProject
Project("{FAE04EC0-301F-11D3-BF4B-00C04F79EFBC}") = "XamarinLocation.Windows", "XamarinLocation\XamarinLocation.Windows\XamarinLocation.Windows.csproj", "{10EDCA41-97A2-48E2-B27E-9464AA768065}"
EndProject
Global
	GlobalSection(SolutionConfigurationPlatforms) = preSolution
		Ad-Hoc|Any CPU = Ad-Hoc|Any CPU
		Ad-Hoc|ARM = Ad-Hoc|ARM
		Ad-Hoc|iPhone = Ad-Hoc|iPhone
		Ad-Hoc|iPhoneSimulator = Ad-Hoc|iPhoneSimulator
		Ad-Hoc|x64 = Ad-Hoc|x64
		Ad-Hoc|x86 = Ad-Hoc|x86
		AppStore|Any CPU = AppStore|Any CPU
		AppStore|ARM = AppStore|ARM
		AppStore|iPhone = AppStore|iPhone
		AppStore|iPhoneSimulator = AppStore|iPhoneSimulator
		AppStore|x64 = AppStore|x64
		AppStore|x86 = AppStore|x86
		Debug|Any CPU = Debug|Any CPU
		Debug|ARM = Debug|ARM
		Debug|iPhone = Debug|iPhone
		Debug|iPhoneSimulator = Debug|iPhoneSimulator
		Debug|x64 = Debug|x64
		Debug|x86 = Debug|x86
		Release|Any CPU = Release|Any CPU
		Release|ARM = Release|ARM
		Release|iPhone = Release|iPhone
		Release|iPhoneSimulator = Release|iPhoneSimulator
		Release|x64 = Release|x64
		Release|x86 = Release|x86
	EndGlobalSection
	GlobalSection(ProjectConfigurationPlatforms) = postSolution
		{AB3D11C2-0F85-4A5C-8066-94BFFC2D62D0}.Ad-Hoc|Any CPU.ActiveCfg = Release|Any CPU
		{AB3D11C2-0F85-4A5C-8066-94BFFC2D62D0}.Ad-Hoc|Any CPU.Build.0 = Release|Any CPU
		{AB3D11C2-0F85-4A5C-8066-94BFFC2D62D0}.Ad-Hoc|ARM.ActiveCfg = Release|Any CPU
		{AB3D11C2-0F85-4A5C-8066-94BFFC2D62D0}.Ad-Hoc|ARM.Build.0 = Release|Any CPU
		{AB3D11C2-0F85-4A5C-8066-94BFFC2D62D0}.Ad-Hoc|iPhone.ActiveCfg = Release|Any CPU
		{AB3D11C2-0F85-4A5C-8066-94BFFC2D62D0}.Ad-Hoc|iPhone.Build.0 = Release|Any CPU
		{AB3D11C2-0F85-4A5C-8066-94BFFC2D62D0}.Ad-Hoc|iPhoneSimulator.ActiveCfg = Release|Any CPU
		{AB3D11C2-0F85-4A5C-8066-94BFFC2D62D0}.Ad-Hoc|iPhoneSimulator.Build.0 = Release|Any CPU
		{AB3D11C2-0F85-4A5C-8066-94BFFC2D62D0}.Ad-Hoc|x64.ActiveCfg = Release|Any CPU
		{AB3D11C2-0F85-4A5C-8066-94BFFC2D62D0}.Ad-Hoc|x64.Build.0 = Release|Any CPU
		{AB3D11C2-0F85-4A5C-8066-94BFFC2D62D0}.Ad-Hoc|x86.ActiveCfg = Release|Any CPU
		{AB3D11C2-0F85-4A5C-8066-94BFFC2D62D0}.Ad-Hoc|x86.Build.0 = Release|Any CPU
		{AB3D11C2-0F85-4A5C-8066-94BFFC2D62D0}.AppStore|Any CPU.ActiveCfg = Release|Any CPU
		{AB3D11C2-0F85-4A5C-8066-94BFFC2D62D0}.AppStore|Any CPU.Build.0 = Release|Any CPU
		{AB3D11C2-0F85-4A5C-8066-94BFFC2D62D0}.AppStore|ARM.ActiveCfg = Release|Any CPU
		{AB3D11C2-0F85-4A5C-8066-94BFFC2D62D0}.AppStore|ARM.Build.0 = Release|Any CPU
		{AB3D11C2-0F85-4A5C-8066-94BFFC2D62D0}.AppStore|iPhone.ActiveCfg = Release|Any CPU
		{AB3D11C2-0F85-4A5C-8066-94BFFC2D62D0}.AppStore|iPhone.Build.0 = Release|Any CPU
		{AB3D11C2-0F85-4A5C-8066-94BFFC2D62D0}.AppStore|iPhoneSimulator.ActiveCfg = Release|Any CPU
		{AB3D11C2-0F85-4A5C-8066-94BFFC2D62D0}.AppStore|iPhoneSimulator.Build.0 = Release|Any CPU
		{AB3D11C2-0F85-4A5C-8066-94BFFC2D62D0}.AppStore|x64.ActiveCfg = Release|Any CPU
		{AB3D11C2-0F85-4A5C-8066-94BFFC2D62D0}.AppStore|x64.Build.0 = Release|Any CPU
		{AB3D11C2-0F85-4A5C-8066-94BFFC2D62D0}.AppStore|x86.ActiveCfg = Release|Any CPU
		{AB3D11C2-0F85-4A5C-8066-94BFFC2D62D0}.AppStore|x86.Build.0 = Release|Any CPU
		{AB3D11C2-0F85-4A5C-8066-94BFFC2D62D0}.Debug|Any CPU.ActiveCfg = Debug|Any CPU
		{AB3D11C2-0F85-4A5C-8066-94BFFC2D62D0}.Debug|Any CPU.Build.0 = Debug|Any CPU
		{AB3D11C2-0F85-4A5C-8066-94BFFC2D62D0}.Debug|ARM.ActiveCfg = Debug|Any CPU
		{AB3D11C2-0F85-4A5C-8066-94BFFC2D62D0}.Debug|ARM.Build.0 = Debug|Any CPU
		{AB3D11C2-0F85-4A5C-8066-94BFFC2D62D0}.Debug|iPhone.ActiveCfg = Debug|Any CPU
		{AB3D11C2-0F85-4A5C-8066-94BFFC2D62D0}.Debug|iPhone.Build.0 = Debug|Any CPU
		{AB3D11C2-0F85-4A5C-8066-94BFFC2D62D0}.Debug|iPhoneSimulator.ActiveCfg = Debug|Any CPU
		{AB3D11C2-0F85-4A5C-8066-94BFFC2D62D0}.Debug|iPhoneSimulator.Build.0 = Debug|Any CPU
		{AB3D11C2-0F85-4A5C-8066-94BFFC2D62D0}.Debug|x64.ActiveCfg = Debug|Any CPU
		{AB3D11C2-0F85-4A5C-8066-94BFFC2D62D0}.Debug|x64.Build.0 = Debug|Any CPU
		{AB3D11C2-0F85-4A5C-8066-94BFFC2D62D0}.Debug|x86.ActiveCfg = Debug|Any CPU
		{AB3D11C2-0F85-4A5C-8066-94BFFC2D62D0}.Debug|x86.Build.0 = Debug|Any CPU
		{AB3D11C2-0F85-4A5C-8066-94BFFC2D62D0}.Release|Any CPU.ActiveCfg = Release|Any CPU
		{AB3D11C2-0F85-4A5C-8066-94BFFC2D62D0}.Release|Any CPU.Build.0 = Release|Any CPU
		{AB3D11C2-0F85-4A5C-8066-94BFFC2D62D0}.Release|ARM.ActiveCfg = Release|Any CPU
		{AB3D11C2-0F85-4A5C-8066-94BFFC2D62D0}.Release|ARM.Build.0 = Release|Any CPU
		{AB3D11C2-0F85-4A5C-8066-94BFFC2D62D0}.Release|iPhone.ActiveCfg = Release|Any CPU
		{AB3D11C2-0F85-4A5C-8066-94BFFC2D62D0}.Release|iPhone.Build.0 = Release|Any CPU
		{AB3D11C2-0F85-4A5C-8066-94BFFC2D62D0}.Release|iPhoneSimulator.ActiveCfg = Release|Any CPU
		{AB3D11C2-0F85-4A5C-8066-94BFFC2D62D0}.Release|iPhoneSimulator.Build.0 = Release|Any CPU
		{AB3D11C2-0F85-4A5C-8066-94BFFC2D62D0}.Release|x64.ActiveCfg = Release|Any CPU
		{AB3D11C2-0F85-4A5C-8066-94BFFC2D62D0}.Release|x64.Build.0 = Release|Any CPU
		{AB3D11C2-0F85-4A5C-8066-94BFFC2D62D0}.Release|x86.ActiveCfg = Release|Any CPU
		{AB3D11C2-0F85-4A5C-8066-94BFFC2D62D0}.Release|x86.Build.0 = Release|Any CPU
		{E2FFE48A-E288-4F40-86B7-83FF6E492534}.Ad-Hoc|Any CPU.ActiveCfg = Release|Any CPU
		{E2FFE48A-E288-4F40-86B7-83FF6E492534}.Ad-Hoc|Any CPU.Build.0 = Release|Any CPU
		{E2FFE48A-E288-4F40-86B7-83FF6E492534}.Ad-Hoc|Any CPU.Deploy.0 = Release|Any CPU
		{E2FFE48A-E288-4F40-86B7-83FF6E492534}.Ad-Hoc|ARM.ActiveCfg = Release|Any CPU
		{E2FFE48A-E288-4F40-86B7-83FF6E492534}.Ad-Hoc|ARM.Build.0 = Release|Any CPU
		{E2FFE48A-E288-4F40-86B7-83FF6E492534}.Ad-Hoc|ARM.Deploy.0 = Release|Any CPU
		{E2FFE48A-E288-4F40-86B7-83FF6E492534}.Ad-Hoc|iPhone.ActiveCfg = Release|Any CPU
		{E2FFE48A-E288-4F40-86B7-83FF6E492534}.Ad-Hoc|iPhone.Build.0 = Release|Any CPU
		{E2FFE48A-E288-4F40-86B7-83FF6E492534}.Ad-Hoc|iPhone.Deploy.0 = Release|Any CPU
		{E2FFE48A-E288-4F40-86B7-83FF6E492534}.Ad-Hoc|iPhoneSimulator.ActiveCfg = Release|Any CPU
		{E2FFE48A-E288-4F40-86B7-83FF6E492534}.Ad-Hoc|iPhoneSimulator.Build.0 = Release|Any CPU
		{E2FFE48A-E288-4F40-86B7-83FF6E492534}.Ad-Hoc|iPhoneSimulator.Deploy.0 = Release|Any CPU
		{E2FFE48A-E288-4F40-86B7-83FF6E492534}.Ad-Hoc|x64.ActiveCfg = Release|Any CPU
		{E2FFE48A-E288-4F40-86B7-83FF6E492534}.Ad-Hoc|x64.Build.0 = Release|Any CPU
		{E2FFE48A-E288-4F40-86B7-83FF6E492534}.Ad-Hoc|x64.Deploy.0 = Release|Any CPU
		{E2FFE48A-E288-4F40-86B7-83FF6E492534}.Ad-Hoc|x86.ActiveCfg = Release|Any CPU
		{E2FFE48A-E288-4F40-86B7-83FF6E492534}.Ad-Hoc|x86.Build.0 = Release|Any CPU
		{E2FFE48A-E288-4F40-86B7-83FF6E492534}.Ad-Hoc|x86.Deploy.0 = Release|Any CPU
		{E2FFE48A-E288-4F40-86B7-83FF6E492534}.AppStore|Any CPU.ActiveCfg = Release|Any CPU
		{E2FFE48A-E288-4F40-86B7-83FF6E492534}.AppStore|Any CPU.Build.0 = Release|Any CPU
		{E2FFE48A-E288-4F40-86B7-83FF6E492534}.AppStore|Any CPU.Deploy.0 = Release|Any CPU
		{E2FFE48A-E288-4F40-86B7-83FF6E492534}.AppStore|ARM.ActiveCfg = Release|Any CPU
		{E2FFE48A-E288-4F40-86B7-83FF6E492534}.AppStore|ARM.Build.0 = Release|Any CPU
		{E2FFE48A-E288-4F40-86B7-83FF6E492534}.AppStore|ARM.Deploy.0 = Release|Any CPU
		{E2FFE48A-E288-4F40-86B7-83FF6E492534}.AppStore|iPhone.ActiveCfg = Release|Any CPU
		{E2FFE48A-E288-4F40-86B7-83FF6E492534}.AppStore|iPhone.Build.0 = Release|Any CPU
		{E2FFE48A-E288-4F40-86B7-83FF6E492534}.AppStore|iPhone.Deploy.0 = Release|Any CPU
		{E2FFE48A-E288-4F40-86B7-83FF6E492534}.AppStore|iPhoneSimulator.ActiveCfg = Release|Any CPU
		{E2FFE48A-E288-4F40-86B7-83FF6E492534}.AppStore|iPhoneSimulator.Build.0 = Release|Any CPU
		{E2FFE48A-E288-4F40-86B7-83FF6E492534}.AppStore|iPhoneSimulator.Deploy.0 = Release|Any CPU
		{E2FFE48A-E288-4F40-86B7-83FF6E492534}.AppStore|x64.ActiveCfg = Release|Any CPU
		{E2FFE48A-E288-4F40-86B7-83FF6E492534}.AppStore|x64.Build.0 = Release|Any CPU
		{E2FFE48A-E288-4F40-86B7-83FF6E492534}.AppStore|x64.Deploy.0 = Release|Any CPU
		{E2FFE48A-E288-4F40-86B7-83FF6E492534}.AppStore|x86.ActiveCfg = Release|Any CPU
		{E2FFE48A-E288-4F40-86B7-83FF6E492534}.AppStore|x86.Build.0 = Release|Any CPU
		{E2FFE48A-E288-4F40-86B7-83FF6E492534}.AppStore|x86.Deploy.0 = Release|Any CPU
		{E2FFE48A-E288-4F40-86B7-83FF6E492534}.Debug|Any CPU.ActiveCfg = Debug|Any CPU
		{E2FFE48A-E288-4F40-86B7-83FF6E492534}.Debug|Any CPU.Build.0 = Debug|Any CPU
		{E2FFE48A-E288-4F40-86B7-83FF6E492534}.Debug|Any CPU.Deploy.0 = Debug|Any CPU
		{E2FFE48A-E288-4F40-86B7-83FF6E492534}.Debug|ARM.ActiveCfg = Debug|Any CPU
		{E2FFE48A-E288-4F40-86B7-83FF6E492534}.Debug|ARM.Build.0 = Debug|Any CPU
		{E2FFE48A-E288-4F40-86B7-83FF6E492534}.Debug|ARM.Deploy.0 = Debug|Any CPU
		{E2FFE48A-E288-4F40-86B7-83FF6E492534}.Debug|iPhone.ActiveCfg = Debug|Any CPU
		{E2FFE48A-E288-4F40-86B7-83FF6E492534}.Debug|iPhone.Build.0 = Debug|Any CPU
		{E2FFE48A-E288-4F40-86B7-83FF6E492534}.Debug|iPhone.Deploy.0 = Debug|Any CPU
		{E2FFE48A-E288-4F40-86B7-83FF6E492534}.Debug|iPhoneSimulator.ActiveCfg = Debug|Any CPU
		{E2FFE48A-E288-4F40-86B7-83FF6E492534}.Debug|iPhoneSimulator.Build.0 = Debug|Any CPU
		{E2FFE48A-E288-4F40-86B7-83FF6E492534}.Debug|iPhoneSimulator.Deploy.0 = Debug|Any CPU
		{E2FFE48A-E288-4F40-86B7-83FF6E492534}.Debug|x64.ActiveCfg = Debug|Any CPU
		{E2FFE48A-E288-4F40-86B7-83FF6E492534}.Debug|x64.Build.0 = Debug|Any CPU
		{E2FFE48A-E288-4F40-86B7-83FF6E492534}.Debug|x64.Deploy.0 = Debug|Any CPU
		{E2FFE48A-E288-4F40-86B7-83FF6E492534}.Debug|x86.ActiveCfg = Debug|Any CPU
		{E2FFE48A-E288-4F40-86B7-83FF6E492534}.Debug|x86.Build.0 = Debug|Any CPU
		{E2FFE48A-E288-4F40-86B7-83FF6E492534}.Debug|x86.Deploy.0 = Debug|Any CPU
		{E2FFE48A-E288-4F40-86B7-83FF6E492534}.Release|Any CPU.ActiveCfg = Release|Any CPU
		{E2FFE48A-E288-4F40-86B7-83FF6E492534}.Release|Any CPU.Build.0 = Release|Any CPU
		{E2FFE48A-E288-4F40-86B7-83FF6E492534}.Release|Any CPU.Deploy.0 = Release|Any CPU
		{E2FFE48A-E288-4F40-86B7-83FF6E492534}.Release|ARM.ActiveCfg = Release|Any CPU
		{E2FFE48A-E288-4F40-86B7-83FF6E492534}.Release|ARM.Build.0 = Release|Any CPU
		{E2FFE48A-E288-4F40-86B7-83FF6E492534}.Release|ARM.Deploy.0 = Release|Any CPU
		{E2FFE48A-E288-4F40-86B7-83FF6E492534}.Release|iPhone.ActiveCfg = Release|Any CPU
		{E2FFE48A-E288-4F40-86B7-83FF6E492534}.Release|iPhone.Build.0 = Release|Any CPU
		{E2FFE48A-E288-4F40-86B7-83FF6E492534}.Release|iPhone.Deploy.0 = Release|Any CPU
		{E2FFE48A-E288-4F40-86B7-83FF6E492534}.Release|iPhoneSimulator.ActiveCfg = Release|Any CPU
		{E2FFE48A-E288-4F40-86B7-83FF6E492534}.Release|iPhoneSimulator.Build.0 = Release|Any CPU
		{E2FFE48A-E288-4F40-86B7-83FF6E492534}.Release|iPhoneSimulator.Deploy.0 = Release|Any CPU
		{E2FFE48A-E288-4F40-86B7-83FF6E492534}.Release|x64.ActiveCfg = Release|Any CPU
		{E2FFE48A-E288-4F40-86B7-83FF6E492534}.Release|x64.Build.0 = Release|Any CPU
		{E2FFE48A-E288-4F40-86B7-83FF6E492534}.Release|x64.Deploy.0 = Release|Any CPU
		{E2FFE48A-E288-4F40-86B7-83FF6E492534}.Release|x86.ActiveCfg = Release|Any CPU
		{E2FFE48A-E288-4F40-86B7-83FF6E492534}.Release|x86.Build.0 = Release|Any CPU
		{E2FFE48A-E288-4F40-86B7-83FF6E492534}.Release|x86.Deploy.0 = Release|Any CPU
		{7D2E2AFA-6A8A-471B-8092-7BF82630247A}.Ad-Hoc|Any CPU.ActiveCfg = Ad-Hoc|iPhone
		{7D2E2AFA-6A8A-471B-8092-7BF82630247A}.Ad-Hoc|ARM.ActiveCfg = Ad-Hoc|iPhone
		{7D2E2AFA-6A8A-471B-8092-7BF82630247A}.Ad-Hoc|iPhone.ActiveCfg = Ad-Hoc|iPhone
		{7D2E2AFA-6A8A-471B-8092-7BF82630247A}.Ad-Hoc|iPhone.Build.0 = Ad-Hoc|iPhone
		{7D2E2AFA-6A8A-471B-8092-7BF82630247A}.Ad-Hoc|iPhoneSimulator.ActiveCfg = Ad-Hoc|iPhoneSimulator
		{7D2E2AFA-6A8A-471B-8092-7BF82630247A}.Ad-Hoc|iPhoneSimulator.Build.0 = Ad-Hoc|iPhoneSimulator
		{7D2E2AFA-6A8A-471B-8092-7BF82630247A}.Ad-Hoc|x64.ActiveCfg = Ad-Hoc|iPhone
		{7D2E2AFA-6A8A-471B-8092-7BF82630247A}.Ad-Hoc|x86.ActiveCfg = Ad-Hoc|iPhone
		{7D2E2AFA-6A8A-471B-8092-7BF82630247A}.AppStore|Any CPU.ActiveCfg = AppStore|iPhone
		{7D2E2AFA-6A8A-471B-8092-7BF82630247A}.AppStore|ARM.ActiveCfg = AppStore|iPhone
		{7D2E2AFA-6A8A-471B-8092-7BF82630247A}.AppStore|iPhone.ActiveCfg = AppStore|iPhone
		{7D2E2AFA-6A8A-471B-8092-7BF82630247A}.AppStore|iPhone.Build.0 = AppStore|iPhone
		{7D2E2AFA-6A8A-471B-8092-7BF82630247A}.AppStore|iPhoneSimulator.ActiveCfg = AppStore|iPhoneSimulator
		{7D2E2AFA-6A8A-471B-8092-7BF82630247A}.AppStore|iPhoneSimulator.Build.0 = AppStore|iPhoneSimulator
		{7D2E2AFA-6A8A-471B-8092-7BF82630247A}.AppStore|x64.ActiveCfg = AppStore|iPhone
		{7D2E2AFA-6A8A-471B-8092-7BF82630247A}.AppStore|x86.ActiveCfg = AppStore|iPhone
		{7D2E2AFA-6A8A-471B-8092-7BF82630247A}.Debug|Any CPU.ActiveCfg = Debug|iPhone
		{7D2E2AFA-6A8A-471B-8092-7BF82630247A}.Debug|ARM.ActiveCfg = Debug|iPhone
		{7D2E2AFA-6A8A-471B-8092-7BF82630247A}.Debug|iPhone.ActiveCfg = Debug|iPhone
		{7D2E2AFA-6A8A-471B-8092-7BF82630247A}.Debug|iPhone.Build.0 = Debug|iPhone
		{7D2E2AFA-6A8A-471B-8092-7BF82630247A}.Debug|iPhoneSimulator.ActiveCfg = Debug|iPhoneSimulator
		{7D2E2AFA-6A8A-471B-8092-7BF82630247A}.Debug|iPhoneSimulator.Build.0 = Debug|iPhoneSimulator
		{7D2E2AFA-6A8A-471B-8092-7BF82630247A}.Debug|x64.ActiveCfg = Debug|iPhone
		{7D2E2AFA-6A8A-471B-8092-7BF82630247A}.Debug|x86.ActiveCfg = Debug|iPhone
		{7D2E2AFA-6A8A-471B-8092-7BF82630247A}.Release|Any CPU.ActiveCfg = Release|iPhone
		{7D2E2AFA-6A8A-471B-8092-7BF82630247A}.Release|ARM.ActiveCfg = Release|iPhone
		{7D2E2AFA-6A8A-471B-8092-7BF82630247A}.Release|iPhone.ActiveCfg = Release|iPhone
		{7D2E2AFA-6A8A-471B-8092-7BF82630247A}.Release|iPhone.Build.0 = Release|iPhone
		{7D2E2AFA-6A8A-471B-8092-7BF82630247A}.Release|iPhoneSimulator.ActiveCfg = Release|iPhoneSimulator
		{7D2E2AFA-6A8A-471B-8092-7BF82630247A}.Release|iPhoneSimulator.Build.0 = Release|iPhoneSimulator
		{7D2E2AFA-6A8A-471B-8092-7BF82630247A}.Release|x64.ActiveCfg = Release|iPhone
		{7D2E2AFA-6A8A-471B-8092-7BF82630247A}.Release|x86.ActiveCfg = Release|iPhone
		{2702CF90-86DC-4E9E-9D29-E98F623C057F}.Ad-Hoc|Any CPU.ActiveCfg = Release|Any CPU
		{2702CF90-86DC-4E9E-9D29-E98F623C057F}.Ad-Hoc|Any CPU.Build.0 = Release|Any CPU
		{2702CF90-86DC-4E9E-9D29-E98F623C057F}.Ad-Hoc|Any CPU.Deploy.0 = Release|Any CPU
		{2702CF90-86DC-4E9E-9D29-E98F623C057F}.Ad-Hoc|ARM.ActiveCfg = Release|ARM
		{2702CF90-86DC-4E9E-9D29-E98F623C057F}.Ad-Hoc|ARM.Build.0 = Release|ARM
		{2702CF90-86DC-4E9E-9D29-E98F623C057F}.Ad-Hoc|ARM.Deploy.0 = Release|ARM
		{2702CF90-86DC-4E9E-9D29-E98F623C057F}.Ad-Hoc|iPhone.ActiveCfg = Release|Any CPU
		{2702CF90-86DC-4E9E-9D29-E98F623C057F}.Ad-Hoc|iPhone.Build.0 = Release|Any CPU
		{2702CF90-86DC-4E9E-9D29-E98F623C057F}.Ad-Hoc|iPhone.Deploy.0 = Release|Any CPU
		{2702CF90-86DC-4E9E-9D29-E98F623C057F}.Ad-Hoc|iPhoneSimulator.ActiveCfg = Release|Any CPU
		{2702CF90-86DC-4E9E-9D29-E98F623C057F}.Ad-Hoc|iPhoneSimulator.Build.0 = Release|Any CPU
		{2702CF90-86DC-4E9E-9D29-E98F623C057F}.Ad-Hoc|iPhoneSimulator.Deploy.0 = Release|Any CPU
		{2702CF90-86DC-4E9E-9D29-E98F623C057F}.Ad-Hoc|x64.ActiveCfg = Release|Any CPU
		{2702CF90-86DC-4E9E-9D29-E98F623C057F}.Ad-Hoc|x64.Build.0 = Release|Any CPU
		{2702CF90-86DC-4E9E-9D29-E98F623C057F}.Ad-Hoc|x64.Deploy.0 = Release|Any CPU
		{2702CF90-86DC-4E9E-9D29-E98F623C057F}.Ad-Hoc|x86.ActiveCfg = Release|x86
		{2702CF90-86DC-4E9E-9D29-E98F623C057F}.Ad-Hoc|x86.Build.0 = Release|x86
		{2702CF90-86DC-4E9E-9D29-E98F623C057F}.Ad-Hoc|x86.Deploy.0 = Release|x86
		{2702CF90-86DC-4E9E-9D29-E98F623C057F}.AppStore|Any CPU.ActiveCfg = Release|Any CPU
		{2702CF90-86DC-4E9E-9D29-E98F623C057F}.AppStore|Any CPU.Build.0 = Release|Any CPU
		{2702CF90-86DC-4E9E-9D29-E98F623C057F}.AppStore|Any CPU.Deploy.0 = Release|Any CPU
		{2702CF90-86DC-4E9E-9D29-E98F623C057F}.AppStore|ARM.ActiveCfg = Release|ARM
		{2702CF90-86DC-4E9E-9D29-E98F623C057F}.AppStore|ARM.Build.0 = Release|ARM
		{2702CF90-86DC-4E9E-9D29-E98F623C057F}.AppStore|ARM.Deploy.0 = Release|ARM
		{2702CF90-86DC-4E9E-9D29-E98F623C057F}.AppStore|iPhone.ActiveCfg = Release|Any CPU
		{2702CF90-86DC-4E9E-9D29-E98F623C057F}.AppStore|iPhone.Build.0 = Release|Any CPU
		{2702CF90-86DC-4E9E-9D29-E98F623C057F}.AppStore|iPhone.Deploy.0 = Release|Any CPU
		{2702CF90-86DC-4E9E-9D29-E98F623C057F}.AppStore|iPhoneSimulator.ActiveCfg = Release|Any CPU
		{2702CF90-86DC-4E9E-9D29-E98F623C057F}.AppStore|iPhoneSimulator.Build.0 = Release|Any CPU
		{2702CF90-86DC-4E9E-9D29-E98F623C057F}.AppStore|iPhoneSimulator.Deploy.0 = Release|Any CPU
		{2702CF90-86DC-4E9E-9D29-E98F623C057F}.AppStore|x64.ActiveCfg = Release|Any CPU
		{2702CF90-86DC-4E9E-9D29-E98F623C057F}.AppStore|x64.Build.0 = Release|Any CPU
		{2702CF90-86DC-4E9E-9D29-E98F623C057F}.AppStore|x64.Deploy.0 = Release|Any CPU
		{2702CF90-86DC-4E9E-9D29-E98F623C057F}.AppStore|x86.ActiveCfg = Release|x86
		{2702CF90-86DC-4E9E-9D29-E98F623C057F}.AppStore|x86.Build.0 = Release|x86
		{2702CF90-86DC-4E9E-9D29-E98F623C057F}.AppStore|x86.Deploy.0 = Release|x86
		{2702CF90-86DC-4E9E-9D29-E98F623C057F}.Debug|Any CPU.ActiveCfg = Debug|Any CPU
		{2702CF90-86DC-4E9E-9D29-E98F623C057F}.Debug|Any CPU.Build.0 = Debug|Any CPU
		{2702CF90-86DC-4E9E-9D29-E98F623C057F}.Debug|Any CPU.Deploy.0 = Debug|Any CPU
		{2702CF90-86DC-4E9E-9D29-E98F623C057F}.Debug|ARM.ActiveCfg = Debug|ARM
		{2702CF90-86DC-4E9E-9D29-E98F623C057F}.Debug|ARM.Build.0 = Debug|ARM
		{2702CF90-86DC-4E9E-9D29-E98F623C057F}.Debug|ARM.Deploy.0 = Debug|ARM
		{2702CF90-86DC-4E9E-9D29-E98F623C057F}.Debug|iPhone.ActiveCfg = Debug|Any CPU
		{2702CF90-86DC-4E9E-9D29-E98F623C057F}.Debug|iPhone.Build.0 = Debug|Any CPU
		{2702CF90-86DC-4E9E-9D29-E98F623C057F}.Debug|iPhone.Deploy.0 = Debug|Any CPU
		{2702CF90-86DC-4E9E-9D29-E98F623C057F}.Debug|iPhoneSimulator.ActiveCfg = Debug|Any CPU
		{2702CF90-86DC-4E9E-9D29-E98F623C057F}.Debug|iPhoneSimulator.Build.0 = Debug|Any CPU
		{2702CF90-86DC-4E9E-9D29-E98F623C057F}.Debug|iPhoneSimulator.Deploy.0 = Debug|Any CPU
		{2702CF90-86DC-4E9E-9D29-E98F623C057F}.Debug|x64.ActiveCfg = Debug|Any CPU
		{2702CF90-86DC-4E9E-9D29-E98F623C057F}.Debug|x64.Build.0 = Debug|Any CPU
		{2702CF90-86DC-4E9E-9D29-E98F623C057F}.Debug|x64.Deploy.0 = Debug|Any CPU
		{2702CF90-86DC-4E9E-9D29-E98F623C057F}.Debug|x86.ActiveCfg = Debug|x86
		{2702CF90-86DC-4E9E-9D29-E98F623C057F}.Debug|x86.Build.0 = Debug|x86
		{2702CF90-86DC-4E9E-9D29-E98F623C057F}.Debug|x86.Deploy.0 = Debug|x86
		{2702CF90-86DC-4E9E-9D29-E98F623C057F}.Release|Any CPU.ActiveCfg = Release|Any CPU
		{2702CF90-86DC-4E9E-9D29-E98F623C057F}.Release|Any CPU.Build.0 = Release|Any CPU
		{2702CF90-86DC-4E9E-9D29-E98F623C057F}.Release|Any CPU.Deploy.0 = Release|Any CPU
		{2702CF90-86DC-4E9E-9D29-E98F623C057F}.Release|ARM.ActiveCfg = Release|ARM
		{2702CF90-86DC-4E9E-9D29-E98F623C057F}.Release|ARM.Build.0 = Release|ARM
		{2702CF90-86DC-4E9E-9D29-E98F623C057F}.Release|ARM.Deploy.0 = Release|ARM
		{2702CF90-86DC-4E9E-9D29-E98F623C057F}.Release|iPhone.ActiveCfg = Release|Any CPU
		{2702CF90-86DC-4E9E-9D29-E98F623C057F}.Release|iPhone.Build.0 = Release|Any CPU
		{2702CF90-86DC-4E9E-9D29-E98F623C057F}.Release|iPhone.Deploy.0 = Release|Any CPU
		{2702CF90-86DC-4E9E-9D29-E98F623C057F}.Release|iPhoneSimulator.ActiveCfg = Release|Any CPU
		{2702CF90-86DC-4E9E-9D29-E98F623C057F}.Release|iPhoneSimulator.Build.0 = Release|Any CPU
		{2702CF90-86DC-4E9E-9D29-E98F623C057F}.Release|iPhoneSimulator.Deploy.0 = Release|Any CPU
		{2702CF90-86DC-4E9E-9D29-E98F623C057F}.Release|x64.ActiveCfg = Release|Any CPU
		{2702CF90-86DC-4E9E-9D29-E98F623C057F}.Release|x64.Build.0 = Release|Any CPU
		{2702CF90-86DC-4E9E-9D29-E98F623C057F}.Release|x64.Deploy.0 = Release|Any CPU
		{2702CF90-86DC-4E9E-9D29-E98F623C057F}.Release|x86.ActiveCfg = Release|x86
		{2702CF90-86DC-4E9E-9D29-E98F623C057F}.Release|x86.Build.0 = Release|x86
		{2702CF90-86DC-4E9E-9D29-E98F623C057F}.Release|x86.Deploy.0 = Release|x86
		{10EDCA41-97A2-48E2-B27E-9464AA768065}.Ad-Hoc|Any CPU.ActiveCfg = Release|Any CPU
		{10EDCA41-97A2-48E2-B27E-9464AA768065}.Ad-Hoc|Any CPU.Build.0 = Release|Any CPU
		{10EDCA41-97A2-48E2-B27E-9464AA768065}.Ad-Hoc|Any CPU.Deploy.0 = Release|Any CPU
		{10EDCA41-97A2-48E2-B27E-9464AA768065}.Ad-Hoc|ARM.ActiveCfg = Release|ARM
		{10EDCA41-97A2-48E2-B27E-9464AA768065}.Ad-Hoc|ARM.Build.0 = Release|ARM
		{10EDCA41-97A2-48E2-B27E-9464AA768065}.Ad-Hoc|ARM.Deploy.0 = Release|ARM
		{10EDCA41-97A2-48E2-B27E-9464AA768065}.Ad-Hoc|iPhone.ActiveCfg = Release|Any CPU
		{10EDCA41-97A2-48E2-B27E-9464AA768065}.Ad-Hoc|iPhone.Build.0 = Release|Any CPU
		{10EDCA41-97A2-48E2-B27E-9464AA768065}.Ad-Hoc|iPhone.Deploy.0 = Release|Any CPU
		{10EDCA41-97A2-48E2-B27E-9464AA768065}.Ad-Hoc|iPhoneSimulator.ActiveCfg = Release|Any CPU
		{10EDCA41-97A2-48E2-B27E-9464AA768065}.Ad-Hoc|iPhoneSimulator.Build.0 = Release|Any CPU
		{10EDCA41-97A2-48E2-B27E-9464AA768065}.Ad-Hoc|iPhoneSimulator.Deploy.0 = Release|Any CPU
		{10EDCA41-97A2-48E2-B27E-9464AA768065}.Ad-Hoc|x64.ActiveCfg = Release|x64
		{10EDCA41-97A2-48E2-B27E-9464AA768065}.Ad-Hoc|x64.Build.0 = Release|x64
		{10EDCA41-97A2-48E2-B27E-9464AA768065}.Ad-Hoc|x64.Deploy.0 = Release|x64
		{10EDCA41-97A2-48E2-B27E-9464AA768065}.Ad-Hoc|x86.ActiveCfg = Release|x86
		{10EDCA41-97A2-48E2-B27E-9464AA768065}.Ad-Hoc|x86.Build.0 = Release|x86
		{10EDCA41-97A2-48E2-B27E-9464AA768065}.Ad-Hoc|x86.Deploy.0 = Release|x86
		{10EDCA41-97A2-48E2-B27E-9464AA768065}.AppStore|Any CPU.ActiveCfg = Release|Any CPU
		{10EDCA41-97A2-48E2-B27E-9464AA768065}.AppStore|Any CPU.Build.0 = Release|Any CPU
		{10EDCA41-97A2-48E2-B27E-9464AA768065}.AppStore|Any CPU.Deploy.0 = Release|Any CPU
		{10EDCA41-97A2-48E2-B27E-9464AA768065}.AppStore|ARM.ActiveCfg = Release|ARM
		{10EDCA41-97A2-48E2-B27E-9464AA768065}.AppStore|ARM.Build.0 = Release|ARM
		{10EDCA41-97A2-48E2-B27E-9464AA768065}.AppStore|ARM.Deploy.0 = Release|ARM
		{10EDCA41-97A2-48E2-B27E-9464AA768065}.AppStore|iPhone.ActiveCfg = Release|Any CPU
		{10EDCA41-97A2-48E2-B27E-9464AA768065}.AppStore|iPhone.Build.0 = Release|Any CPU
		{10EDCA41-97A2-48E2-B27E-9464AA768065}.AppStore|iPhone.Deploy.0 = Release|Any CPU
		{10EDCA41-97A2-48E2-B27E-9464AA768065}.AppStore|iPhoneSimulator.ActiveCfg = Release|Any CPU
		{10EDCA41-97A2-48E2-B27E-9464AA768065}.AppStore|iPhoneSimulator.Build.0 = Release|Any CPU
		{10EDCA41-97A2-48E2-B27E-9464AA768065}.AppStore|iPhoneSimulator.Deploy.0 = Release|Any CPU
		{10EDCA41-97A2-48E2-B27E-9464AA768065}.AppStore|x64.ActiveCfg = Release|x64
		{10EDCA41-97A2-48E2-B27E-9464AA768065}.AppStore|x64.Build.0 = Release|x64
		{10EDCA41-97A2-48E2-B27E-9464AA768065}.AppStore|x64.Deploy.0 = Release|x64
		{10EDCA41-97A2-48E2-B27E-9464AA768065}.AppStore|x86.ActiveCfg = Release|x86
		{10EDCA41-97A2-48E2-B27E-9464AA768065}.AppStore|x86.Build.0 = Release|x86
		{10EDCA41-97A2-48E2-B27E-9464AA768065}.AppStore|x86.Deploy.0 = Release|x86
		{10EDCA41-97A2-48E2-B27E-9464AA768065}.Debug|Any CPU.ActiveCfg = Debug|Any CPU
		{10EDCA41-97A2-48E2-B27E-9464AA768065}.Debug|Any CPU.Build.0 = Debug|Any CPU
		{10EDCA41-97A2-48E2-B27E-9464AA768065}.Debug|Any CPU.Deploy.0 = Debug|Any CPU
		{10EDCA41-97A2-48E2-B27E-9464AA768065}.Debug|ARM.ActiveCfg = Debug|ARM
		{10EDCA41-97A2-48E2-B27E-9464AA768065}.Debug|ARM.Build.0 = Debug|ARM
		{10EDCA41-97A2-48E2-B27E-9464AA768065}.Debug|ARM.Deploy.0 = Debug|ARM
		{10EDCA41-97A2-48E2-B27E-9464AA768065}.Debug|iPhone.ActiveCfg = Debug|Any CPU
		{10EDCA41-97A2-48E2-B27E-9464AA768065}.Debug|iPhone.Build.0 = Debug|Any CPU
		{10EDCA41-97A2-48E2-B27E-9464AA768065}.Debug|iPhone.Deploy.0 = Debug|Any CPU
		{10EDCA41-97A2-48E2-B27E-9464AA768065}.Debug|iPhoneSimulator.ActiveCfg = Debug|Any CPU
		{10EDCA41-97A2-48E2-B27E-9464AA768065}.Debug|iPhoneSimulator.Build.0 = Debug|Any CPU
		{10EDCA41-97A2-48E2-B27E-9464AA768065}.Debug|iPhoneSimulator.Deploy.0 = Debug|Any CPU
		{10EDCA41-97A2-48E2-B27E-9464AA768065}.Debug|x64.ActiveCfg = Debug|x64
		{10EDCA41-97A2-48E2-B27E-9464AA768065}.Debug|x64.Build.0 = Debug|x64
		{10EDCA41-97A2-48E2-B27E-9464AA768065}.Debug|x64.Deploy.0 = Debug|x64
		{10EDCA41-97A2-48E2-B27E-9464AA768065}.Debug|x86.ActiveCfg = Debug|x86
		{10EDCA41-97A2-48E2-B27E-9464AA768065}.Debug|x86.Build.0 = Debug|x86
		{10EDCA41-97A2-48E2-B27E-9464AA768065}.Debug|x86.Deploy.0 = Debug|x86
		{10EDCA41-97A2-48E2-B27E-9464AA768065}.Release|Any CPU.ActiveCfg = Release|Any CPU
		{10EDCA41-97A2-48E2-B27E-9464AA768065}.Release|Any CPU.Build.0 = Release|Any CPU
		{10EDCA41-97A2-48E2-B27E-9464AA768065}.Release|Any CPU.Deploy.0 = Release|Any CPU
		{10EDCA41-97A2-48E2-B27E-9464AA768065}.Release|ARM.ActiveCfg = Release|ARM
		{10EDCA41-97A2-48E2-B27E-9464AA768065}.Release|ARM.Build.0 = Release|ARM
		{10EDCA41-97A2-48E2-B27E-9464AA768065}.Release|ARM.Deploy.0 = Release|ARM
		{10EDCA41-97A2-48E2-B27E-9464AA768065}.Release|iPhone.ActiveCfg = Release|Any CPU
		{10EDCA41-97A2-48E2-B27E-9464AA768065}.Release|iPhone.Build.0 = Release|Any CPU
		{10EDCA41-97A2-48E2-B27E-9464AA768065}.Release|iPhone.Deploy.0 = Release|Any CPU
		{10EDCA41-97A2-48E2-B27E-9464AA768065}.Release|iPhoneSimulator.ActiveCfg = Release|Any CPU
		{10EDCA41-97A2-48E2-B27E-9464AA768065}.Release|iPhoneSimulator.Build.0 = Release|Any CPU
		{10EDCA41-97A2-48E2-B27E-9464AA768065}.Release|iPhoneSimulator.Deploy.0 = Release|Any CPU
		{10EDCA41-97A2-48E2-B27E-9464AA768065}.Release|x64.ActiveCfg = Release|x64
		{10EDCA41-97A2-48E2-B27E-9464AA768065}.Release|x64.Build.0 = Release|x64
		{10EDCA41-97A2-48E2-B27E-9464AA768065}.Release|x64.Deploy.0 = Release|x64
		{10EDCA41-97A2-48E2-B27E-9464AA768065}.Release|x86.ActiveCfg = Release|x86
		{10EDCA41-97A2-48E2-B27E-9464AA768065}.Release|x86.Build.0 = Release|x86
		{10EDCA41-97A2-48E2-B27E-9464AA768065}.Release|x86.Deploy.0 = Release|x86
	EndGlobalSection
	GlobalSection(SolutionProperties) = preSolution
		HideSolutionNode = FALSE
	EndGlobalSection
EndGlobal
